
Microsoft Visual Studio Solution File, Format Version 12.00
# Visual Studio Version 17
VisualStudioVersion = 17.11.35219.272
MinimumVisualStudioVersion = 10.0.40219.1
Project("{FAE04EC0-301F-11D3-BF4B-00C04F79EFBC}") = "Laboratorio1", "Laboratorio1\Laboratorio1.csproj", "{4ABB4BAF-AFDE-4FB8-A968-A0BBF429B70B}"
EndProject
Global
	GlobalSection(SolutionConfigurationPlatforms) = preSolution
		Debug|Any CPU = Debug|Any CPU
		Release|Any CPU = Release|Any CPU
	EndGlobalSection
	GlobalSection(ProjectConfigurationPlatforms) = postSolution
		{4ABB4BAF-AFDE-4FB8-A968-A0BBF429B70B}.Debug|Any CPU.ActiveCfg = Debug|Any CPU
		{4ABB4BAF-AFDE-4FB8-A968-A0BBF429B70B}.Debug|Any CPU.Build.0 = Debug|Any CPU
		{4ABB4BAF-AFDE-4FB8-A968-A0BBF429B70B}.Release|Any CPU.ActiveCfg = Release|Any CPU
		{4ABB4BAF-AFDE-4FB8-A968-A0BBF429B70B}.Release|Any CPU.Build.0 = Release|Any CPU
	EndGlobalSection
	GlobalSection(SolutionProperties) = preSolution
		HideSolutionNode = FALSE
	EndGlobalSection
	GlobalSection(ExtensibilityGlobals) = postSolution
		SolutionGuid = {3833120E-FF9B-4633-8ED9-A4DC732A067B}
	EndGlobalSection
EndGlobal
